
Microsoft Visual Studio Solution File, Format Version 12.00
# Blend for Visual Studio Version 16
VisualStudioVersion = 16.0.32413.511
MinimumVisualStudioVersion = 10.0.40219.1
Project("{FAE04EC0-301F-11D3-BF4B-00C04F79EFBC}") = "ASSIGNMENT 1", "ASSIGNMENT 1\ASSIGNMENT 1.csproj", "{7602E817-49AE-4119-BB88-321415919FB9}"
EndProject
Global
	GlobalSection(SolutionConfigurationPlatforms) = preSolution
		Debug|Any CPU = Debug|Any CPU
		Release|Any CPU = Release|Any CPU
	EndGlobalSection
	GlobalSection(ProjectConfigurationPlatforms) = postSolution
		{7602E817-49AE-4119-BB88-321415919FB9}.Debug|Any CPU.ActiveCfg = Debug|Any CPU
		{7602E817-49AE-4119-BB88-321415919FB9}.Debug|Any CPU.Build.0 = Debug|Any CPU
		{7602E817-49AE-4119-BB88-321415919FB9}.Release|Any CPU.ActiveCfg = Release|Any CPU
		{7602E817-49AE-4119-BB88-321415919FB9}.Release|Any CPU.Build.0 = Release|Any CPU
	EndGlobalSection
	GlobalSection(SolutionProperties) = preSolution
		HideSolutionNode = FALSE
	EndGlobalSection
	GlobalSection(ExtensibilityGlobals) = postSolution
		SolutionGuid = {1DB41516-A38C-4202-8732-994D7B9D209C}
	EndGlobalSection
EndGlobal
